
Microsoft Visual Studio Solution File, Format Version 12.00
# Visual Studio Version 17
VisualStudioVersion = 17.7.34221.43
MinimumVisualStudioVersion = 10.0.40219.1
Project("{FAE04EC0-301F-11D3-BF4B-00C04F79EFBC}") = "OtusSolidPrincipals", "OtusSolidPrincipals\OtusSolidPrincipals.csproj", "{DDBB821E-EA78-4DC8-B505-560C65F8F135}"
EndProject
Global
	GlobalSection(SolutionConfigurationPlatforms) = preSolution
		Debug|Any CPU = Debug|Any CPU
		Release|Any CPU = Release|Any CPU
	EndGlobalSection
	GlobalSection(ProjectConfigurationPlatforms) = postSolution
		{DDBB821E-EA78-4DC8-B505-560C65F8F135}.Debug|Any CPU.ActiveCfg = Debug|Any CPU
		{DDBB821E-EA78-4DC8-B505-560C65F8F135}.Debug|Any CPU.Build.0 = Debug|Any CPU
		{DDBB821E-EA78-4DC8-B505-560C65F8F135}.Release|Any CPU.ActiveCfg = Release|Any CPU
		{DDBB821E-EA78-4DC8-B505-560C65F8F135}.Release|Any CPU.Build.0 = Release|Any CPU
	EndGlobalSection
	GlobalSection(SolutionProperties) = preSolution
		HideSolutionNode = FALSE
	EndGlobalSection
	GlobalSection(ExtensibilityGlobals) = postSolution
		SolutionGuid = {F2B3A964-C3A9-42EB-8128-0C8D533609A1}
	EndGlobalSection
EndGlobal
